
Microsoft Visual Studio Solution File, Format Version 12.00
# Visual Studio Version 16
VisualStudioVersion = 16.0.31321.278
MinimumVisualStudioVersion = 10.0.40219.1
Project("{9A19103F-16F7-4668-BE54-9A1E7A4F7556}") = "CarvedRock.API", "CarvedRock.API\CarvedRock.API.csproj", "{C9E5D1E6-B814-4569-AD26-74BA5313BCE7}"
EndProject
Project("{E53339B2-1760-4266-BCC7-CA923CBCF16C}") = "docker-compose", "docker-compose.dcproj", "{7FFBD67E-7A20-4E4D-A7EC-2BE23F30AFD5}"
EndProject
Global
	GlobalSection(SolutionConfigurationPlatforms) = preSolution
		Debug|Any CPU = Debug|Any CPU
		Release|Any CPU = Release|Any CPU
	EndGlobalSection
	GlobalSection(ProjectConfigurationPlatforms) = postSolution
		{C9E5D1E6-B814-4569-AD26-74BA5313BCE7}.Debug|Any CPU.ActiveCfg = Debug|Any CPU
		{C9E5D1E6-B814-4569-AD26-74BA5313BCE7}.Debug|Any CPU.Build.0 = Debug|Any CPU
		{C9E5D1E6-B814-4569-AD26-74BA5313BCE7}.Release|Any CPU.ActiveCfg = Release|Any CPU
		{C9E5D1E6-B814-4569-AD26-74BA5313BCE7}.Release|Any CPU.Build.0 = Release|Any CPU
		{7FFBD67E-7A20-4E4D-A7EC-2BE23F30AFD5}.Debug|Any CPU.ActiveCfg = Debug|Any CPU
		{7FFBD67E-7A20-4E4D-A7EC-2BE23F30AFD5}.Debug|Any CPU.Build.0 = Debug|Any CPU
		{7FFBD67E-7A20-4E4D-A7EC-2BE23F30AFD5}.Release|Any CPU.ActiveCfg = Release|Any CPU
		{7FFBD67E-7A20-4E4D-A7EC-2BE23F30AFD5}.Release|Any CPU.Build.0 = Release|Any CPU
	EndGlobalSection
	GlobalSection(SolutionProperties) = preSolution
		HideSolutionNode = FALSE
	EndGlobalSection
	GlobalSection(ExtensibilityGlobals) = postSolution
		SolutionGuid = {7944348A-63B9-4760-8C39-54E42BA1675F}
	EndGlobalSection
EndGlobal
